
Microsoft Visual Studio Solution File, Format Version 12.00
# Visual Studio Version 16
VisualStudioVersion = 16.0.30011.22
MinimumVisualStudioVersion = 10.0.40219.1
Project("{FAE04EC0-301F-11D3-BF4B-00C04F79EFBC}") = "Mine1.UWP", "Mine1\Mine1.UWP\Mine1.UWP.csproj", "{FCBE3E7E-6FB1-427E-BBE2-253EB3122719}"
EndProject
Project("{FAE04EC0-301F-11D3-BF4B-00C04F79EFBC}") = "Mine1.Android", "Mine1\Mine1.Android\Mine1.Android.csproj", "{EC926157-1A23-4AA5-BC70-ED5B13924888}"
EndProject
Project("{FAE04EC0-301F-11D3-BF4B-00C04F79EFBC}") = "Mine1", "Mine1\Mine1\Mine1.csproj", "{0F47BCA0-6FB0-46CC-BFF4-7831C681103A}"
EndProject
Global
	GlobalSection(SolutionConfigurationPlatforms) = preSolution
		Debug|Any CPU = Debug|Any CPU
		Debug|ARM = Debug|ARM
		Debug|x64 = Debug|x64
		Debug|x86 = Debug|x86
		Release|Any CPU = Release|Any CPU
		Release|ARM = Release|ARM
		Release|x64 = Release|x64
		Release|x86 = Release|x86
	EndGlobalSection
	GlobalSection(ProjectConfigurationPlatforms) = postSolution
		{FCBE3E7E-6FB1-427E-BBE2-253EB3122719}.Debug|Any CPU.ActiveCfg = Debug|x86
		{FCBE3E7E-6FB1-427E-BBE2-253EB3122719}.Debug|Any CPU.Build.0 = Debug|x86
		{FCBE3E7E-6FB1-427E-BBE2-253EB3122719}.Debug|Any CPU.Deploy.0 = Debug|x86
		{FCBE3E7E-6FB1-427E-BBE2-253EB3122719}.Debug|ARM.ActiveCfg = Debug|ARM
		{FCBE3E7E-6FB1-427E-BBE2-253EB3122719}.Debug|ARM.Build.0 = Debug|ARM
		{FCBE3E7E-6FB1-427E-BBE2-253EB3122719}.Debug|ARM.Deploy.0 = Debug|ARM
		{FCBE3E7E-6FB1-427E-BBE2-253EB3122719}.Debug|x64.ActiveCfg = Debug|x64
		{FCBE3E7E-6FB1-427E-BBE2-253EB3122719}.Debug|x64.Build.0 = Debug|x64
		{FCBE3E7E-6FB1-427E-BBE2-253EB3122719}.Debug|x64.Deploy.0 = Debug|x64
		{FCBE3E7E-6FB1-427E-BBE2-253EB3122719}.Debug|x86.ActiveCfg = Debug|x86
		{FCBE3E7E-6FB1-427E-BBE2-253EB3122719}.Debug|x86.Build.0 = Debug|x86
		{FCBE3E7E-6FB1-427E-BBE2-253EB3122719}.Debug|x86.Deploy.0 = Debug|x86
		{FCBE3E7E-6FB1-427E-BBE2-253EB3122719}.Release|Any CPU.ActiveCfg = Release|x86
		{FCBE3E7E-6FB1-427E-BBE2-253EB3122719}.Release|Any CPU.Build.0 = Release|x86
		{FCBE3E7E-6FB1-427E-BBE2-253EB3122719}.Release|Any CPU.Deploy.0 = Release|x86
		{FCBE3E7E-6FB1-427E-BBE2-253EB3122719}.Release|ARM.ActiveCfg = Release|ARM
		{FCBE3E7E-6FB1-427E-BBE2-253EB3122719}.Release|ARM.Build.0 = Release|ARM
		{FCBE3E7E-6FB1-427E-BBE2-253EB3122719}.Release|ARM.Deploy.0 = Release|ARM
		{FCBE3E7E-6FB1-427E-BBE2-253EB3122719}.Release|x64.ActiveCfg = Release|x64
		{FCBE3E7E-6FB1-427E-BBE2-253EB3122719}.Release|x64.Build.0 = Release|x64
		{FCBE3E7E-6FB1-427E-BBE2-253EB3122719}.Release|x64.Deploy.0 = Release|x64
		{FCBE3E7E-6FB1-427E-BBE2-253EB3122719}.Release|x86.ActiveCfg = Release|x86
		{FCBE3E7E-6FB1-427E-BBE2-253EB3122719}.Release|x86.Build.0 = Release|x86
		{FCBE3E7E-6FB1-427E-BBE2-253EB3122719}.Release|x86.Deploy.0 = Release|x86
		{EC926157-1A23-4AA5-BC70-ED5B13924888}.Debug|Any CPU.ActiveCfg = Debug|Any CPU
		{EC926157-1A23-4AA5-BC70-ED5B13924888}.Debug|Any CPU.Build.0 = Debug|Any CPU
		{EC926157-1A23-4AA5-BC70-ED5B13924888}.Debug|Any CPU.Deploy.0 = Debug|Any CPU
		{EC926157-1A23-4AA5-BC70-ED5B13924888}.Debug|ARM.ActiveCfg = Debug|Any CPU
		{EC926157-1A23-4AA5-BC70-ED5B13924888}.Debug|ARM.Build.0 = Debug|Any CPU
		{EC926157-1A23-4AA5-BC70-ED5B13924888}.Debug|ARM.Deploy.0 = Debug|Any CPU
		{EC926157-1A23-4AA5-BC70-ED5B13924888}.Debug|x64.ActiveCfg = Debug|Any CPU
		{EC926157-1A23-4AA5-BC70-ED5B13924888}.Debug|x64.Build.0 = Debug|Any CPU
		{EC926157-1A23-4AA5-BC70-ED5B13924888}.Debug|x64.Deploy.0 = Debug|Any CPU
		{EC926157-1A23-4AA5-BC70-ED5B13924888}.Debug|x86.ActiveCfg = Debug|Any CPU
		{EC926157-1A23-4AA5-BC70-ED5B13924888}.Debug|x86.Build.0 = Debug|Any CPU
		{EC926157-1A23-4AA5-BC70-ED5B13924888}.Debug|x86.Deploy.0 = Debug|Any CPU
		{EC926157-1A23-4AA5-BC70-ED5B13924888}.Release|Any CPU.ActiveCfg = Release|Any CPU
		{EC926157-1A23-4AA5-BC70-ED5B13924888}.Release|Any CPU.Build.0 = Release|Any CPU
		{EC926157-1A23-4AA5-BC70-ED5B13924888}.Release|Any CPU.Deploy.0 = Release|Any CPU
		{EC926157-1A23-4AA5-BC70-ED5B13924888}.Release|ARM.ActiveCfg = Release|Any CPU
		{EC926157-1A23-4AA5-BC70-ED5B13924888}.Release|ARM.Build.0 = Release|Any CPU
		{EC926157-1A23-4AA5-BC70-ED5B13924888}.Release|ARM.Deploy.0 = Release|Any CPU
		{EC926157-1A23-4AA5-BC70-ED5B13924888}.Release|x64.ActiveCfg = Release|Any CPU
		{EC926157-1A23-4AA5-BC70-ED5B13924888}.Release|x64.Build.0 = Release|Any CPU
		{EC926157-1A23-4AA5-BC70-ED5B13924888}.Release|x64.Deploy.0 = Release|Any CPU
		{EC926157-1A23-4AA5-BC70-ED5B13924888}.Release|x86.ActiveCfg = Release|Any CPU
		{EC926157-1A23-4AA5-BC70-ED5B13924888}.Release|x86.Build.0 = Release|Any CPU
		{EC926157-1A23-4AA5-BC70-ED5B13924888}.Release|x86.Deploy.0 = Release|Any CPU
		{0F47BCA0-6FB0-46CC-BFF4-7831C681103A}.Debug|Any CPU.ActiveCfg = Debug|Any CPU
		{0F47BCA0-6FB0-46CC-BFF4-7831C681103A}.Debug|Any CPU.Build.0 = Debug|Any CPU
		{0F47BCA0-6FB0-46CC-BFF4-7831C681103A}.Debug|Any CPU.Deploy.0 = Debug|Any CPU
		{0F47BCA0-6FB0-46CC-BFF4-7831C681103A}.Debug|ARM.ActiveCfg = Debug|Any CPU
		{0F47BCA0-6FB0-46CC-BFF4-7831C681103A}.Debug|ARM.Build.0 = Debug|Any CPU
		{0F47BCA0-6FB0-46CC-BFF4-7831C681103A}.Debug|ARM.Deploy.0 = Debug|Any CPU
		{0F47BCA0-6FB0-46CC-BFF4-7831C681103A}.Debug|x64.ActiveCfg = Debug|Any CPU
		{0F47BCA0-6FB0-46CC-BFF4-7831C681103A}.Debug|x64.Build.0 = Debug|Any CPU
		{0F47BCA0-6FB0-46CC-BFF4-7831C681103A}.Debug|x64.Deploy.0 = Debug|Any CPU
		{0F47BCA0-6FB0-46CC-BFF4-7831C681103A}.Debug|x86.ActiveCfg = Debug|Any CPU
		{0F47BCA0-6FB0-46CC-BFF4-7831C681103A}.Debug|x86.Build.0 = Debug|Any CPU
		{0F47BCA0-6FB0-46CC-BFF4-7831C681103A}.Debug|x86.Deploy.0 = Debug|Any CPU
		{0F47BCA0-6FB0-46CC-BFF4-7831C681103A}.Release|Any CPU.ActiveCfg = Release|Any CPU
		{0F47BCA0-6FB0-46CC-BFF4-7831C681103A}.Release|Any CPU.Build.0 = Release|Any CPU
		{0F47BCA0-6FB0-46CC-BFF4-7831C681103A}.Release|Any CPU.Deploy.0 = Release|Any CPU
		{0F47BCA0-6FB0-46CC-BFF4-7831C681103A}.Release|ARM.ActiveCfg = Release|Any CPU
		{0F47BCA0-6FB0-46CC-BFF4-7831C681103A}.Release|ARM.Build.0 = Release|Any CPU
		{0F47BCA0-6FB0-46CC-BFF4-7831C681103A}.Release|ARM.Deploy.0 = Release|Any CPU
		{0F47BCA0-6FB0-46CC-BFF4-7831C681103A}.Release|x64.ActiveCfg = Release|Any CPU
		{0F47BCA0-6FB0-46CC-BFF4-7831C681103A}.Release|x64.Build.0 = Release|Any CPU
		{0F47BCA0-6FB0-46CC-BFF4-7831C681103A}.Release|x64.Deploy.0 = Release|Any CPU
		{0F47BCA0-6FB0-46CC-BFF4-7831C681103A}.Release|x86.ActiveCfg = Release|Any CPU
		{0F47BCA0-6FB0-46CC-BFF4-7831C681103A}.Release|x86.Build.0 = Release|Any CPU
		{0F47BCA0-6FB0-46CC-BFF4-7831C681103A}.Release|x86.Deploy.0 = Release|Any CPU
	EndGlobalSection
	GlobalSection(SolutionProperties) = preSolution
		HideSolutionNode = FALSE
	EndGlobalSection
	GlobalSection(ExtensibilityGlobals) = postSolution
		SolutionGuid = {F7EAB26A-3299-4F92-A52B-0FECA99B518A}
	EndGlobalSection
EndGlobal
